// !$*UTF8*$!
{
	archiveVersion = 1;
	classes = {
	};
	objectVersion = 77;
	objects = {

/* Begin PBXBuildFile section */
		040D5B93A7E78EE5E9CE072E /* UserSettingsCD.swift in Sources */ = {isa = PBXBuildFile; fileRef = E88A6345F5E155A02DA036BA /* UserSettingsCD.swift */; };
		06BDD1DBD373741568D04506 /* StationAnnotation.swift in Sources */ = {isa = PBXBuildFile; fileRef = 5B49FD5C812A2DBD8408A2EC /* StationAnnotation.swift */; };
		090BDEE9B5E9F409006FAE9B /* WorthItCalculator.swift in Sources */ = {isa = PBXBuildFile; fileRef = 0537A316AF97605DF08D5D5B /* WorthItCalculator.swift */; };
		09113E30CAAB913BB579C1D4 /* StationRowView.swift in Sources */ = {isa = PBXBuildFile; fileRef = 1566D222497B6C97D9E0E682 /* StationRowView.swift */; };
		0A50572B93B1E65A920DC403 /* WorthItResult.swift in Sources */ = {isa = PBXBuildFile; fileRef = 4283888E8045D3887282C2C5 /* WorthItResult.swift */; };
		12A39C513B1B5BD591358995 /* Config.swift in Sources */ = {isa = PBXBuildFile; fileRef = C80F29C767B4F49F4036F338 /* Config.swift */; };
		3C36399F7DDEF5D9B98127D3 /* UserSettings.swift in Sources */ = {isa = PBXBuildFile; fileRef = 932229B80A3F34D8BEB09FB3 /* UserSettings.swift */; };
		3E0ED7626B1CBAE556D519A5 /* FuelPriceService.swift in Sources */ = {isa = PBXBuildFile; fileRef = DB00BC2D646B91FF44FF0DD0 /* FuelPriceService.swift */; };
		405326CD1705BA6DF34BA68A /* LocationService.swift in Sources */ = {isa = PBXBuildFile; fileRef = 72434F55C54C0F342A2B7372 /* LocationService.swift */; };
		43E17B4FBA0C636698E5012E /* PersistenceController.swift in Sources */ = {isa = PBXBuildFile; fileRef = 01DA1BC9003D2498404D7757 /* PersistenceController.swift */; };
		442912B3E7E597768728CE06 /* FuelStation.swift in Sources */ = {isa = PBXBuildFile; fileRef = 3D2195A4D02A2E77CFBD00D7 /* FuelStation.swift */; };
		4A4E5C122513E0DD09FFF547 /* StalenessLabel.swift in Sources */ = {isa = PBXBuildFile; fileRef = E95C8D41B083E00AE2DB8C43 /* StalenessLabel.swift */; };
		5AC1C87B15F8824C96A80025 /* FuelGaugeView.swift in Sources */ = {isa = PBXBuildFile; fileRef = AD45D22E264E8D8B8200C462 /* FuelGaugeView.swift */; };
		5C1CE6651C412F3085FE55EE /* PricePin.swift in Sources */ = {isa = PBXBuildFile; fileRef = 78A8DF0A7665187F0D15C12F /* PricePin.swift */; };
		602EF2BE27ADCD22C7E06D2C /* VerdictBadge.swift in Sources */ = {isa = PBXBuildFile; fileRef = B0472D72A526D76A98E0859A /* VerdictBadge.swift */; };
		603BE34FA21F33D029B7D879 /* StationsListView.swift in Sources */ = {isa = PBXBuildFile; fileRef = 068CC9F0CEC85628453F8E24 /* StationsListView.swift */; };
		7086BA134AAA90DE5538BE6E /* ContentView.swift in Sources */ = {isa = PBXBuildFile; fileRef = 54EF7EAC4C1AC7563E909E5C /* ContentView.swift */; };
		754F5C48CAD823E4206FB5AD /* EssoFeedService.swift in Sources */ = {isa = PBXBuildFile; fileRef = 000B566F2228486C05642F39 /* EssoFeedService.swift */; };
		8138C0ABE1C947FCCABCF43F /* ManualPriceEntryView.swift in Sources */ = {isa = PBXBuildFile; fileRef = BF58F69B91EEA8CECC9C3220 /* ManualPriceEntryView.swift */; };
		814E83437E8FB8C4A610BBE1 /* StationsViewModel.swift in Sources */ = {isa = PBXBuildFile; fileRef = C0DE3461849E659CF68F50C0 /* StationsViewModel.swift */; };
		826A9A4E6CDDCE74C659A472 /* SettingsViewModel.swift in Sources */ = {isa = PBXBuildFile; fileRef = CD20B691229B50DAC7A83AD3 /* SettingsViewModel.swift */; };
		8393EDB45159ADC4D087D783 /* SettingsView.swift in Sources */ = {isa = PBXBuildFile; fileRef = F5DB1F0E98499796E73D5B09 /* SettingsView.swift */; };
		840E66165EBE33CD2A39A219 /* Secrets.xcconfig.template in Resources */ = {isa = PBXBuildFile; fileRef = 2BBC176644BF9273356D755F /* Secrets.xcconfig.template */; };
		B56FB60BCAC0EEAB5FB30937 /* FuelPriceRecordCD.swift in Sources */ = {isa = PBXBuildFile; fileRef = 9928143BF52D41D17A41DBD1 /* FuelPriceRecordCD.swift */; };
		B61683AFEFE9D86098939EA4 /* BestPickView.swift in Sources */ = {isa = PBXBuildFile; fileRef = F0D75D8FF98AD2A33593E85F /* BestPickView.swift */; };
		B631D0F42F2930E57B418821 /* FuelFinderAPIService.swift in Sources */ = {isa = PBXBuildFile; fileRef = 7A1255240668333BA9161486 /* FuelFinderAPIService.swift */; };
		C0013A0672E312C7CB73C15A /* FuelTracker.xcdatamodeld in Sources */ = {isa = PBXBuildFile; fileRef = DC5105C24390E3EECFC28208 /* FuelTracker.xcdatamodeld */; };
		CA6C41554B8C798413C43008 /* Assets.xcassets in Resources */ = {isa = PBXBuildFile; fileRef = AE11DF0A42B73202C808C62B /* Assets.xcassets */; };
		CACD4C59E101489855A50DD7 /* GooglePlacesService.swift in Sources */ = {isa = PBXBuildFile; fileRef = 808154876AA24E3CF4725325 /* GooglePlacesService.swift */; };
		D2BE25BCEC6A335D3C4BD2D9 /* AppGroupStore.swift in Sources */ = {isa = PBXBuildFile; fileRef = 0F08CA1C810AFB8C7F2051DB /* AppGroupStore.swift */; };
		D930690406489067C69A8491 /* FuelStationCD.swift in Sources */ = {isa = PBXBuildFile; fileRef = AAEBFA25B7C3F82B04E7F78E /* FuelStationCD.swift */; };
		F58B9E97A1189287B1DBC858 /* StationMapView.swift in Sources */ = {isa = PBXBuildFile; fileRef = C732A41F73136F8437F186A1 /* StationMapView.swift */; };
		F6D42F594E44FD45733834A7 /* FuelTrackerApp.swift in Sources */ = {isa = PBXBuildFile; fileRef = 6D12916A611BC90B6144627C /* FuelTrackerApp.swift */; };
		FA6219AA0685F61077202CCE /* KeychainService.swift in Sources */ = {isa = PBXBuildFile; fileRef = A1A51C96034B2EA713EC370B /* KeychainService.swift */; };
/* End PBXBuildFile section */

/* Begin PBXFileReference section */
		000B566F2228486C05642F39 /* EssoFeedService.swift */ = {isa = PBXFileReference; lastKnownFileType = sourcecode.swift; path = EssoFeedService.swift; sourceTree = "<group>"; };
		01DA1BC9003D2498404D7757 /* PersistenceController.swift */ = {isa = PBXFileReference; lastKnownFileType = sourcecode.swift; path = PersistenceController.swift; sourceTree = "<group>"; };
		0537A316AF97605DF08D5D5B /* WorthItCalculator.swift */ = {isa = PBXFileReference; lastKnownFileType = sourcecode.swift; path = WorthItCalculator.swift; sourceTree = "<group>"; };
		068CC9F0CEC85628453F8E24 /* StationsListView.swift */ = {isa = PBXFileReference; lastKnownFileType = sourcecode.swift; path = StationsListView.swift; sourceTree = "<group>"; };
		0F08CA1C810AFB8C7F2051DB /* AppGroupStore.swift */ = {isa = PBXFileReference; lastKnownFileType = sourcecode.swift; path = AppGroupStore.swift; sourceTree = "<group>"; };
		1566D222497B6C97D9E0E682 /* StationRowView.swift */ = {isa = PBXFileReference; lastKnownFileType = sourcecode.swift; path = StationRowView.swift; sourceTree = "<group>"; };
		2BBC176644BF9273356D755F /* Secrets.xcconfig.template */ = {isa = PBXFileReference; lastKnownFileType = text; path = Secrets.xcconfig.template; sourceTree = "<group>"; };
		3B93EEA6C72B68DDCE72488B /* Info.plist */ = {isa = PBXFileReference; lastKnownFileType = text.plist; path = Info.plist; sourceTree = "<group>"; };
		3D2195A4D02A2E77CFBD00D7 /* FuelStation.swift */ = {isa = PBXFileReference; lastKnownFileType = sourcecode.swift; path = FuelStation.swift; sourceTree = "<group>"; };
		4283888E8045D3887282C2C5 /* WorthItResult.swift */ = {isa = PBXFileReference; lastKnownFileType = sourcecode.swift; path = WorthItResult.swift; sourceTree = "<group>"; };
		4A86CEDB3B3AB27F880FF146 /* FuelTracker.app */ = {isa = PBXFileReference; explicitFileType = wrapper.application; includeInIndex = 0; path = FuelTracker.app; sourceTree = BUILT_PRODUCTS_DIR; };
		54EF7EAC4C1AC7563E909E5C /* ContentView.swift */ = {isa = PBXFileReference; lastKnownFileType = sourcecode.swift; path = ContentView.swift; sourceTree = "<group>"; };
		5B49FD5C812A2DBD8408A2EC /* StationAnnotation.swift */ = {isa = PBXFileReference; lastKnownFileType = sourcecode.swift; path = StationAnnotation.swift; sourceTree = "<group>"; };
		6C416277192B5BA148CBF3F7 /* FuelTracker.entitlements */ = {isa = PBXFileReference; lastKnownFileType = text.plist.entitlements; path = FuelTracker.entitlements; sourceTree = "<group>"; };
		6D12916A611BC90B6144627C /* FuelTrackerApp.swift */ = {isa = PBXFileReference; lastKnownFileType = sourcecode.swift; path = FuelTrackerApp.swift; sourceTree = "<group>"; };
		72434F55C54C0F342A2B7372 /* LocationService.swift */ = {isa = PBXFileReference; lastKnownFileType = sourcecode.swift; path = LocationService.swift; sourceTree = "<group>"; };
		78A8DF0A7665187F0D15C12F /* PricePin.swift */ = {isa = PBXFileReference; lastKnownFileType = sourcecode.swift; path = PricePin.swift; sourceTree = "<group>"; };
		7A1255240668333BA9161486 /* FuelFinderAPIService.swift */ = {isa = PBXFileReference; lastKnownFileType = sourcecode.swift; path = FuelFinderAPIService.swift; sourceTree = "<group>"; };
		808154876AA24E3CF4725325 /* GooglePlacesService.swift */ = {isa = PBXFileReference; lastKnownFileType = sourcecode.swift; path = GooglePlacesService.swift; sourceTree = "<group>"; };
		932229B80A3F34D8BEB09FB3 /* UserSettings.swift */ = {isa = PBXFileReference; lastKnownFileType = sourcecode.swift; path = UserSettings.swift; sourceTree = "<group>"; };
		9928143BF52D41D17A41DBD1 /* FuelPriceRecordCD.swift */ = {isa = PBXFileReference; lastKnownFileType = sourcecode.swift; path = FuelPriceRecordCD.swift; sourceTree = "<group>"; };
		A1A51C96034B2EA713EC370B /* KeychainService.swift */ = {isa = PBXFileReference; lastKnownFileType = sourcecode.swift; path = KeychainService.swift; sourceTree = "<group>"; };
		AAEBFA25B7C3F82B04E7F78E /* FuelStationCD.swift */ = {isa = PBXFileReference; lastKnownFileType = sourcecode.swift; path = FuelStationCD.swift; sourceTree = "<group>"; };
		AD45D22E264E8D8B8200C462 /* FuelGaugeView.swift */ = {isa = PBXFileReference; lastKnownFileType = sourcecode.swift; path = FuelGaugeView.swift; sourceTree = "<group>"; };
		AE11DF0A42B73202C808C62B /* Assets.xcassets */ = {isa = PBXFileReference; lastKnownFileType = folder.assetcatalog; path = Assets.xcassets; sourceTree = "<group>"; };
		B0472D72A526D76A98E0859A /* VerdictBadge.swift */ = {isa = PBXFileReference; lastKnownFileType = sourcecode.swift; path = VerdictBadge.swift; sourceTree = "<group>"; };
		BF58F69B91EEA8CECC9C3220 /* ManualPriceEntryView.swift */ = {isa = PBXFileReference; lastKnownFileType = sourcecode.swift; path = ManualPriceEntryView.swift; sourceTree = "<group>"; };
		C0DE3461849E659CF68F50C0 /* StationsViewModel.swift */ = {isa = PBXFileReference; lastKnownFileType = sourcecode.swift; path = StationsViewModel.swift; sourceTree = "<group>"; };
		C732A41F73136F8437F186A1 /* StationMapView.swift */ = {isa = PBXFileReference; lastKnownFileType = sourcecode.swift; path = StationMapView.swift; sourceTree = "<group>"; };
		C80F29C767B4F49F4036F338 /* Config.swift */ = {isa = PBXFileReference; lastKnownFileType = sourcecode.swift; path = Config.swift; sourceTree = "<group>"; };
		CD20B691229B50DAC7A83AD3 /* SettingsViewModel.swift */ = {isa = PBXFileReference; lastKnownFileType = sourcecode.swift; path = SettingsViewModel.swift; sourceTree = "<group>"; };
		D1A5C566AE96497F84FEB185 /* FuelTracker.xcconfig */ = {isa = PBXFileReference; lastKnownFileType = text.xcconfig; path = FuelTracker.xcconfig; sourceTree = "<group>"; };
		DB00BC2D646B91FF44FF0DD0 /* FuelPriceService.swift */ = {isa = PBXFileReference; lastKnownFileType = sourcecode.swift; path = FuelPriceService.swift; sourceTree = "<group>"; };
		E88A6345F5E155A02DA036BA /* UserSettingsCD.swift */ = {isa = PBXFileReference; lastKnownFileType = sourcecode.swift; path = UserSettingsCD.swift; sourceTree = "<group>"; };
		E95C8D41B083E00AE2DB8C43 /* StalenessLabel.swift */ = {isa = PBXFileReference; lastKnownFileType = sourcecode.swift; path = StalenessLabel.swift; sourceTree = "<group>"; };
		F0D75D8FF98AD2A33593E85F /* BestPickView.swift */ = {isa = PBXFileReference; lastKnownFileType = sourcecode.swift; path = BestPickView.swift; sourceTree = "<group>"; };
		F5DB1F0E98499796E73D5B09 /* SettingsView.swift */ = {isa = PBXFileReference; lastKnownFileType = sourcecode.swift; path = SettingsView.swift; sourceTree = "<group>"; };
		FED877AFF9B1AD4BCF34ECE9 /* FuelTracker.xcdatamodel */ = {isa = PBXFileReference; lastKnownFileType = wrapper.xcdatamodel; path = FuelTracker.xcdatamodel; sourceTree = "<group>"; };
/* End PBXFileReference section */

/* Begin PBXGroup section */
		17B1ACE1B51493A614F47A80 = {
			isa = PBXGroup;
			children = (
				22E121076CF36FEB1D0CD8D5 /* FuelTracker */,
				35865040F8ABDF12E870B03E /* Shared */,
				C3BEA5FF893F1559366939E1 /* Products */,
			);
			sourceTree = "<group>";
		};
		1F6DF826A96FCA46CA2D6874 /* Views */ = {
			isa = PBXGroup;
			children = (
				27D8C851F8872F3142679137 /* BestPick */,
				DBD011CB17776F0A42276E2B /* Components */,
				96B728B8E1EAF92038BB7EEB /* List */,
				77785B7AFDC38A08E62A4B58 /* Map */,
				715004BE47E934CAA4748983 /* Settings */,
				54EF7EAC4C1AC7563E909E5C /* ContentView.swift */,
			);
			path = Views;
			sourceTree = "<group>";
		};
		22E121076CF36FEB1D0CD8D5 /* FuelTracker */ = {
			isa = PBXGroup;
			children = (
				514DE1CACD93646735D8E391 /* App */,
				816083DBD170C26605300D1E /* Configuration */,
				AE749961C291F21A7D399B9D /* CoreData */,
				E5FA2C671F8A643C95F9E131 /* Models */,
				C8F7311A38855251ED9E6D20 /* Services */,
				FB97B246B11F1E0DA314B75E /* ViewModels */,
				1F6DF826A96FCA46CA2D6874 /* Views */,
				6C416277192B5BA148CBF3F7 /* FuelTracker.entitlements */,
				3B93EEA6C72B68DDCE72488B /* Info.plist */,
			);
			path = FuelTracker;
			sourceTree = "<group>";
		};
		27D8C851F8872F3142679137 /* BestPick */ = {
			isa = PBXGroup;
			children = (
				F0D75D8FF98AD2A33593E85F /* BestPickView.swift */,
			);
			path = BestPick;
			sourceTree = "<group>";
		};
		35865040F8ABDF12E870B03E /* Shared */ = {
			isa = PBXGroup;
			children = (
				0F08CA1C810AFB8C7F2051DB /* AppGroupStore.swift */,
				AE11DF0A42B73202C808C62B /* Assets.xcassets */,
			);
			path = Shared;
			sourceTree = "<group>";
		};
		514DE1CACD93646735D8E391 /* App */ = {
			isa = PBXGroup;
			children = (
				6D12916A611BC90B6144627C /* FuelTrackerApp.swift */,
			);
			path = App;
			sourceTree = "<group>";
		};
		715004BE47E934CAA4748983 /* Settings */ = {
			isa = PBXGroup;
			children = (
				F5DB1F0E98499796E73D5B09 /* SettingsView.swift */,
			);
			path = Settings;
			sourceTree = "<group>";
		};
		77785B7AFDC38A08E62A4B58 /* Map */ = {
			isa = PBXGroup;
			children = (
				5B49FD5C812A2DBD8408A2EC /* StationAnnotation.swift */,
				C732A41F73136F8437F186A1 /* StationMapView.swift */,
			);
			path = Map;
			sourceTree = "<group>";
		};
		816083DBD170C26605300D1E /* Configuration */ = {
			isa = PBXGroup;
			children = (
				C80F29C767B4F49F4036F338 /* Config.swift */,
				D1A5C566AE96497F84FEB185 /* FuelTracker.xcconfig */,
				2BBC176644BF9273356D755F /* Secrets.xcconfig.template */,
			);
			path = Configuration;
			sourceTree = "<group>";
		};
		96B728B8E1EAF92038BB7EEB /* List */ = {
			isa = PBXGroup;
			children = (
				BF58F69B91EEA8CECC9C3220 /* ManualPriceEntryView.swift */,
				1566D222497B6C97D9E0E682 /* StationRowView.swift */,
				068CC9F0CEC85628453F8E24 /* StationsListView.swift */,
			);
			path = List;
			sourceTree = "<group>";
		};
		AE749961C291F21A7D399B9D /* CoreData */ = {
			isa = PBXGroup;
			children = (
				DC5105C24390E3EECFC28208 /* FuelTracker.xcdatamodeld */,
				9928143BF52D41D17A41DBD1 /* FuelPriceRecordCD.swift */,
				AAEBFA25B7C3F82B04E7F78E /* FuelStationCD.swift */,
				01DA1BC9003D2498404D7757 /* PersistenceController.swift */,
				E88A6345F5E155A02DA036BA /* UserSettingsCD.swift */,
			);
			path = CoreData;
			sourceTree = "<group>";
		};
		C3BEA5FF893F1559366939E1 /* Products */ = {
			isa = PBXGroup;
			children = (
				4A86CEDB3B3AB27F880FF146 /* FuelTracker.app */,
			);
			name = Products;
			sourceTree = "<group>";
		};
		C8F7311A38855251ED9E6D20 /* Services */ = {
			isa = PBXGroup;
			children = (
				000B566F2228486C05642F39 /* EssoFeedService.swift */,
				7A1255240668333BA9161486 /* FuelFinderAPIService.swift */,
				DB00BC2D646B91FF44FF0DD0 /* FuelPriceService.swift */,
				808154876AA24E3CF4725325 /* GooglePlacesService.swift */,
				A1A51C96034B2EA713EC370B /* KeychainService.swift */,
				72434F55C54C0F342A2B7372 /* LocationService.swift */,
				0537A316AF97605DF08D5D5B /* WorthItCalculator.swift */,
			);
			path = Services;
			sourceTree = "<group>";
		};
		DBD011CB17776F0A42276E2B /* Components */ = {
			isa = PBXGroup;
			children = (
				AD45D22E264E8D8B8200C462 /* FuelGaugeView.swift */,
				78A8DF0A7665187F0D15C12F /* PricePin.swift */,
				E95C8D41B083E00AE2DB8C43 /* StalenessLabel.swift */,
				B0472D72A526D76A98E0859A /* VerdictBadge.swift */,
			);
			path = Components;
			sourceTree = "<group>";
		};
		E5FA2C671F8A643C95F9E131 /* Models */ = {
			isa = PBXGroup;
			children = (
				3D2195A4D02A2E77CFBD00D7 /* FuelStation.swift */,
				932229B80A3F34D8BEB09FB3 /* UserSettings.swift */,
				4283888E8045D3887282C2C5 /* WorthItResult.swift */,
			);
			path = Models;
			sourceTree = "<group>";
		};
		FB97B246B11F1E0DA314B75E /* ViewModels */ = {
			isa = PBXGroup;
			children = (
				CD20B691229B50DAC7A83AD3 /* SettingsViewModel.swift */,
				C0DE3461849E659CF68F50C0 /* StationsViewModel.swift */,
			);
			path = ViewModels;
			sourceTree = "<group>";
		};
/* End PBXGroup section */

/* Begin PBXNativeTarget section */
		CF7773F7D4919BCA177573E5 /* FuelTracker */ = {
			isa = PBXNativeTarget;
			buildConfigurationList = C6E61D1FE0DA01059F87B9EE /* Build configuration list for PBXNativeTarget "FuelTracker" */;
			buildPhases = (
				499684F0301944C69899EF2E /* Sources */,
				54C225A442DFEE472B1D8D72 /* Resources */,
			);
			buildRules = (
			);
			dependencies = (
			);
			name = FuelTracker;
			packageProductDependencies = (
			);
			productName = FuelTracker;
			productReference = 4A86CEDB3B3AB27F880FF146 /* FuelTracker.app */;
			productType = "com.apple.product-type.application";
		};
/* End PBXNativeTarget section */

/* Begin PBXProject section */
		3D8D3AD98CA0FD58A11256CB /* Project object */ = {
			isa = PBXProject;
			attributes = {
				BuildIndependentTargetsInParallel = YES;
				LastUpgradeCheck = 1540;
				TargetAttributes = {
					CF7773F7D4919BCA177573E5 = {
						ProvisioningStyle = Automatic;
					};
				};
			};
			buildConfigurationList = 0B3E352AC0285E0365EFC2C6 /* Build configuration list for PBXProject "FuelTracker" */;
			developmentRegion = en;
			hasScannedForEncodings = 0;
			knownRegions = (
				Base,
				en,
			);
			mainGroup = 17B1ACE1B51493A614F47A80;
			minimizedProjectReferenceProxies = 1;
			preferredProjectObjectVersion = 77;
			productRefGroup = C3BEA5FF893F1559366939E1 /* Products */;
			projectDirPath = "";
			projectRoot = "";
			targets = (
				CF7773F7D4919BCA177573E5 /* FuelTracker */,
			);
		};
/* End PBXProject section */

/* Begin PBXResourcesBuildPhase section */
		54C225A442DFEE472B1D8D72 /* Resources */ = {
			isa = PBXResourcesBuildPhase;
			buildActionMask = 2147483647;
			files = (
				CA6C41554B8C798413C43008 /* Assets.xcassets in Resources */,
				840E66165EBE33CD2A39A219 /* Secrets.xcconfig.template in Resources */,
			);
			runOnlyForDeploymentPostprocessing = 0;
		};
/* End PBXResourcesBuildPhase section */

/* Begin PBXSourcesBuildPhase section */
		499684F0301944C69899EF2E /* Sources */ = {
			isa = PBXSourcesBuildPhase;
			buildActionMask = 2147483647;
			files = (
				D2BE25BCEC6A335D3C4BD2D9 /* AppGroupStore.swift in Sources */,
				B61683AFEFE9D86098939EA4 /* BestPickView.swift in Sources */,
				12A39C513B1B5BD591358995 /* Config.swift in Sources */,
				7086BA134AAA90DE5538BE6E /* ContentView.swift in Sources */,
				754F5C48CAD823E4206FB5AD /* EssoFeedService.swift in Sources */,
				B631D0F42F2930E57B418821 /* FuelFinderAPIService.swift in Sources */,
				5AC1C87B15F8824C96A80025 /* FuelGaugeView.swift in Sources */,
				B56FB60BCAC0EEAB5FB30937 /* FuelPriceRecordCD.swift in Sources */,
				3E0ED7626B1CBAE556D519A5 /* FuelPriceService.swift in Sources */,
				442912B3E7E597768728CE06 /* FuelStation.swift in Sources */,
				D930690406489067C69A8491 /* FuelStationCD.swift in Sources */,
				C0013A0672E312C7CB73C15A /* FuelTracker.xcdatamodeld in Sources */,
				F6D42F594E44FD45733834A7 /* FuelTrackerApp.swift in Sources */,
				CACD4C59E101489855A50DD7 /* GooglePlacesService.swift in Sources */,
				FA6219AA0685F61077202CCE /* KeychainService.swift in Sources */,
				405326CD1705BA6DF34BA68A /* LocationService.swift in Sources */,
				8138C0ABE1C947FCCABCF43F /* ManualPriceEntryView.swift in Sources */,
				43E17B4FBA0C636698E5012E /* PersistenceController.swift in Sources */,
				5C1CE6651C412F3085FE55EE /* PricePin.swift in Sources */,
				8393EDB45159ADC4D087D783 /* SettingsView.swift in Sources */,
				826A9A4E6CDDCE74C659A472 /* SettingsViewModel.swift in Sources */,
				4A4E5C122513E0DD09FFF547 /* StalenessLabel.swift in Sources */,
				06BDD1DBD373741568D04506 /* StationAnnotation.swift in Sources */,
				F58B9E97A1189287B1DBC858 /* StationMapView.swift in Sources */,
				09113E30CAAB913BB579C1D4 /* StationRowView.swift in Sources */,
				603BE34FA21F33D029B7D879 /* StationsListView.swift in Sources */,
				814E83437E8FB8C4A610BBE1 /* StationsViewModel.swift in Sources */,
				3C36399F7DDEF5D9B98127D3 /* UserSettings.swift in Sources */,
				040D5B93A7E78EE5E9CE072E /* UserSettingsCD.swift in Sources */,
				602EF2BE27ADCD22C7E06D2C /* VerdictBadge.swift in Sources */,
				090BDEE9B5E9F409006FAE9B /* WorthItCalculator.swift in Sources */,
				0A50572B93B1E65A920DC403 /* WorthItResult.swift in Sources */,
			);
			runOnlyForDeploymentPostprocessing = 0;
		};
/* End PBXSourcesBuildPhase section */

/* Begin XCBuildConfiguration section */
		86A8957365C6E91291E45ECA /* Debug */ = {
			isa = XCBuildConfiguration;
			buildSettings = {
				ALWAYS_SEARCH_USER_PATHS = NO;
				CLANG_ANALYZER_NONNULL = YES;
				CLANG_ANALYZER_NUMBER_OBJECT_CONVERSION = YES_AGGRESSIVE;
				CLANG_CXX_LANGUAGE_STANDARD = "gnu++14";
				CLANG_CXX_LIBRARY = "libc++";
				CLANG_ENABLE_MODULES = YES;
				CLANG_ENABLE_OBJC_ARC = YES;
				CLANG_ENABLE_OBJC_WEAK = YES;
				CLANG_WARN_BLOCK_CAPTURE_AUTORELEASING = YES;
				CLANG_WARN_BOOL_CONVERSION = YES;
				CLANG_WARN_COMMA = YES;
				CLANG_WARN_CONSTANT_CONVERSION = YES;
				CLANG_WARN_DEPRECATED_OBJC_IMPLEMENTATIONS = YES;
				CLANG_WARN_DIRECT_OBJC_ISA_USAGE = YES_ERROR;
				CLANG_WARN_DOCUMENTATION_COMMENTS = YES;
				CLANG_WARN_EMPTY_BODY = YES;
				CLANG_WARN_ENUM_CONVERSION = YES;
				CLANG_WARN_INFINITE_RECURSION = YES;
				CLANG_WARN_INT_CONVERSION = YES;
				CLANG_WARN_NON_LITERAL_NULL_CONVERSION = YES;
				CLANG_WARN_OBJC_IMPLICIT_RETAIN_SELF = YES;
				CLANG_WARN_OBJC_LITERAL_CONVERSION = YES;
				CLANG_WARN_OBJC_ROOT_CLASS = YES_ERROR;
				CLANG_WARN_QUOTED_INCLUDE_IN_FRAMEWORK_HEADER = YES;
				CLANG_WARN_RANGE_LOOP_ANALYSIS = YES;
				CLANG_WARN_STRICT_PROTOTYPES = YES;
				CLANG_WARN_SUSPICIOUS_MOVE = YES;
				CLANG_WARN_UNGUARDED_AVAILABILITY = YES_AGGRESSIVE;
				CLANG_WARN_UNREACHABLE_CODE = YES;
				CLANG_WARN__DUPLICATE_METHOD_MATCH = YES;
				CODE_SIGN_STYLE = Automatic;
				COPY_PHASE_STRIP = NO;
				CURRENT_PROJECT_VERSION = 1;
				DEBUG_INFORMATION_FORMAT = dwarf;
				DEVELOPMENT_TEAM = "";
				ENABLE_PREVIEWS = YES;
				ENABLE_STRICT_OBJC_MSGSEND = YES;
				ENABLE_TESTABILITY = YES;
				GCC_C_LANGUAGE_STANDARD = gnu11;
				GCC_DYNAMIC_NO_PIC = NO;
				GCC_NO_COMMON_BLOCKS = YES;
				GCC_OPTIMIZATION_LEVEL = 0;
				GCC_PREPROCESSOR_DEFINITIONS = (
					"$(inherited)",
					"DEBUG=1",
				);
				GCC_WARN_64_TO_32_BIT_CONVERSION = YES;
				GCC_WARN_ABOUT_RETURN_TYPE = YES_ERROR;
				GCC_WARN_UNDECLARED_SELECTOR = YES;
				GCC_WARN_UNINITIALIZED_AUTOS = YES_AGGRESSIVE;
				GCC_WARN_UNUSED_FUNCTION = YES;
				GCC_WARN_UNUSED_VARIABLE = YES;
				IPHONEOS_DEPLOYMENT_TARGET = 16.0;
				MARKETING_VERSION = 1.0.0;
				MTL_ENABLE_DEBUG_INFO = INCLUDE_SOURCE;
				MTL_FAST_MATH = YES;
				ONLY_ACTIVE_ARCH = YES;
				PRODUCT_NAME = "$(TARGET_NAME)";
				SDKROOT = iphoneos;
				SWIFT_ACTIVE_COMPILATION_CONDITIONS = DEBUG;
				SWIFT_OPTIMIZATION_LEVEL = "-Onone";
				SWIFT_VERSION = 5.9;
			};
			name = Debug;
		};
		941FC272F3B9B35AC72EF81D /* Release */ = {
			isa = XCBuildConfiguration;
			buildSettings = {
				ALWAYS_SEARCH_USER_PATHS = NO;
				CLANG_ANALYZER_NONNULL = YES;
				CLANG_ANALYZER_NUMBER_OBJECT_CONVERSION = YES_AGGRESSIVE;
				CLANG_CXX_LANGUAGE_STANDARD = "gnu++14";
				CLANG_CXX_LIBRARY = "libc++";
				CLANG_ENABLE_MODULES = YES;
				CLANG_ENABLE_OBJC_ARC = YES;
				CLANG_ENABLE_OBJC_WEAK = YES;
				CLANG_WARN_BLOCK_CAPTURE_AUTORELEASING = YES;
				CLANG_WARN_BOOL_CONVERSION = YES;
				CLANG_WARN_COMMA = YES;
				CLANG_WARN_CONSTANT_CONVERSION = YES;
				CLANG_WARN_DEPRECATED_OBJC_IMPLEMENTATIONS = YES;
				CLANG_WARN_DIRECT_OBJC_ISA_USAGE = YES_ERROR;
				CLANG_WARN_DOCUMENTATION_COMMENTS = YES;
				CLANG_WARN_EMPTY_BODY = YES;
				CLANG_WARN_ENUM_CONVERSION = YES;
				CLANG_WARN_INFINITE_RECURSION = YES;
				CLANG_WARN_INT_CONVERSION = YES;
				CLANG_WARN_NON_LITERAL_NULL_CONVERSION = YES;
				CLANG_WARN_OBJC_IMPLICIT_RETAIN_SELF = YES;
				CLANG_WARN_OBJC_LITERAL_CONVERSION = YES;
				CLANG_WARN_OBJC_ROOT_CLASS = YES_ERROR;
				CLANG_WARN_QUOTED_INCLUDE_IN_FRAMEWORK_HEADER = YES;
				CLANG_WARN_RANGE_LOOP_ANALYSIS = YES;
				CLANG_WARN_STRICT_PROTOTYPES = YES;
				CLANG_WARN_SUSPICIOUS_MOVE = YES;
				CLANG_WARN_UNGUARDED_AVAILABILITY = YES_AGGRESSIVE;
				CLANG_WARN_UNREACHABLE_CODE = YES;
				CLANG_WARN__DUPLICATE_METHOD_MATCH = YES;
				CODE_SIGN_STYLE = Automatic;
				COPY_PHASE_STRIP = NO;
				CURRENT_PROJECT_VERSION = 1;
				DEBUG_INFORMATION_FORMAT = "dwarf-with-dsym";
				DEVELOPMENT_TEAM = "";
				ENABLE_NS_ASSERTIONS = NO;
				ENABLE_PREVIEWS = YES;
				ENABLE_STRICT_OBJC_MSGSEND = YES;
				GCC_C_LANGUAGE_STANDARD = gnu11;
				GCC_NO_COMMON_BLOCKS = YES;
				GCC_WARN_64_TO_32_BIT_CONVERSION = YES;
				GCC_WARN_ABOUT_RETURN_TYPE = YES_ERROR;
				GCC_WARN_UNDECLARED_SELECTOR = YES;
				GCC_WARN_UNINITIALIZED_AUTOS = YES_AGGRESSIVE;
				GCC_WARN_UNUSED_FUNCTION = YES;
				GCC_WARN_UNUSED_VARIABLE = YES;
				IPHONEOS_DEPLOYMENT_TARGET = 16.0;
				MARKETING_VERSION = 1.0.0;
				MTL_ENABLE_DEBUG_INFO = NO;
				MTL_FAST_MATH = YES;
				PRODUCT_NAME = "$(TARGET_NAME)";
				SDKROOT = iphoneos;
				SWIFT_COMPILATION_MODE = wholemodule;
				SWIFT_OPTIMIZATION_LEVEL = "-O";
				SWIFT_VERSION = 5.9;
			};
			name = Release;
		};
		D9906537C01829737C6E80C6 /* Debug */ = {
			isa = XCBuildConfiguration;
			baseConfigurationReference = D1A5C566AE96497F84FEB185 /* FuelTracker.xcconfig */;
			buildSettings = {
				ASSETCATALOG_COMPILER_APPICON_NAME = AppIcon;
				CODE_SIGN_ENTITLEMENTS = FuelTracker/FuelTracker.entitlements;
				CODE_SIGN_IDENTITY = "iPhone Developer";
				DEVELOPMENT_TEAM = 77MCBAWDQ8;
				INFOPLIST_FILE = FuelTracker/Info.plist;
				IPHONEOS_DEPLOYMENT_TARGET = 16.0;
				LD_RUNPATH_SEARCH_PATHS = (
					"$(inherited)",
					"@executable_path/Frameworks",
				);
				PRODUCT_BUNDLE_IDENTIFIER = com.maxd.FuelTracker;
				SDKROOT = iphoneos;
				TARGETED_DEVICE_FAMILY = "1,2";
			};
			name = Debug;
		};
		E44041484303724E10CBFCC1 /* Release */ = {
			isa = XCBuildConfiguration;
			baseConfigurationReference = D1A5C566AE96497F84FEB185 /* FuelTracker.xcconfig */;
			buildSettings = {
				ASSETCATALOG_COMPILER_APPICON_NAME = AppIcon;
				CODE_SIGN_ENTITLEMENTS = FuelTracker/FuelTracker.entitlements;
				CODE_SIGN_IDENTITY = "iPhone Developer";
				DEVELOPMENT_TEAM = 77MCBAWDQ8;
				INFOPLIST_FILE = FuelTracker/Info.plist;
				IPHONEOS_DEPLOYMENT_TARGET = 16.0;
				LD_RUNPATH_SEARCH_PATHS = (
					"$(inherited)",
					"@executable_path/Frameworks",
				);
				PRODUCT_BUNDLE_IDENTIFIER = com.maxd.FuelTracker;
				SDKROOT = iphoneos;
				TARGETED_DEVICE_FAMILY = "1,2";
			};
			name = Release;
		};
/* End XCBuildConfiguration section */

/* Begin XCConfigurationList section */
		0B3E352AC0285E0365EFC2C6 /* Build configuration list for PBXProject "FuelTracker" */ = {
			isa = XCConfigurationList;
			buildConfigurations = (
				86A8957365C6E91291E45ECA /* Debug */,
				941FC272F3B9B35AC72EF81D /* Release */,
			);
			defaultConfigurationIsVisible = 0;
			defaultConfigurationName = Debug;
		};
		C6E61D1FE0DA01059F87B9EE /* Build configuration list for PBXNativeTarget "FuelTracker" */ = {
			isa = XCConfigurationList;
			buildConfigurations = (
				D9906537C01829737C6E80C6 /* Debug */,
				E44041484303724E10CBFCC1 /* Release */,
			);
			defaultConfigurationIsVisible = 0;
			defaultConfigurationName = Debug;
		};
/* End XCConfigurationList section */

/* Begin XCVersionGroup section */
		DC5105C24390E3EECFC28208 /* FuelTracker.xcdatamodeld */ = {
			isa = XCVersionGroup;
			children = (
				FED877AFF9B1AD4BCF34ECE9 /* FuelTracker.xcdatamodel */,
			);
			currentVersion = FED877AFF9B1AD4BCF34ECE9 /* FuelTracker.xcdatamodel */;
			path = FuelTracker.xcdatamodeld;
			sourceTree = "<group>";
			versionGroupType = wrapper.xcdatamodel;
		};
/* End XCVersionGroup section */
	};
	rootObject = 3D8D3AD98CA0FD58A11256CB /* Project object */;
}
